
Microsoft Visual Studio Solution File, Format Version 12.00
# Visual Studio 15
VisualStudioVersion = 15.0.26124.0
MinimumVisualStudioVersion = 15.0.26124.0
Project("{2150E333-8FDC-42A3-9474-1A3956D46DE8}") = "library", "library", "{CF161D00-2A1A-11E9-BB5F-A584AFD485DF}"
EndProject
Project("{2150E333-8FDC-42A3-9474-1A3956D46DE8}") = "samples", "samples", "{D4F9D590-2A1A-11E9-BB5F-A584AFD485DF}"
EndProject
Project("{FAE04EC0-301F-11D3-BF4B-00C04F79EFBB}") = "DialogGen.Lib", "DialogGen.Lib\DialogGen.Lib.csproj", "{37C77378-D68C-4075-9324-E59647572DD5}"
EndProject
Project("{FAE04EC0-301F-11D3-BF4B-00C04F79EFBC}") = "simple-prompt", "Samples\simple-prompt\simple-prompt.csproj", "{C621F5AA-C922-40AD-81AA-027584ACDA4C}"
EndProject
Project("{FAE04EC0-301F-11D3-BF4B-00C04F79EFBD}") = "qna-sample", "Samples\qna-sample\qna-sample.csproj", "{C7B7785B-23EA-43FF-A9BA-616E90B96C6F}"
EndProject
Project("{FAE04EC0-301F-11D3-BF4B-00C04F79EFBE}") = "simple-dialog", "Samples\simple-dialog\simple-dialog.csproj", "{C7B7785B-23EA-43FF-A9BA-616E90B96C7A}"
EndProject
Global
	GlobalSection(SolutionConfigurationPlatforms) = preSolution
		Debug|Any CPU = Debug|Any CPU
		Debug|x64 = Debug|x64
		Debug|x86 = Debug|x86
		Release|Any CPU = Release|Any CPU
		Release|x64 = Release|x64
		Release|x86 = Release|x86
	EndGlobalSection
	GlobalSection(SolutionProperties) = preSolution
		HideSolutionNode = FALSE
	EndGlobalSection
	GlobalSection(ProjectConfigurationPlatforms) = postSolution
		{37C77378-D68C-4075-9324-E59647572DD5}.Debug|Any CPU.ActiveCfg = Debug|Any CPU
		{37C77378-D68C-4075-9324-E59647572DD5}.Debug|Any CPU.Build.0 = Debug|Any CPU
		{37C77378-D68C-4075-9324-E59647572DD5}.Debug|x64.ActiveCfg = Debug|Any CPU
		{37C77378-D68C-4075-9324-E59647572DD5}.Debug|x64.Build.0 = Debug|Any CPU
		{37C77378-D68C-4075-9324-E59647572DD5}.Debug|x86.ActiveCfg = Debug|Any CPU
		{37C77378-D68C-4075-9324-E59647572DD5}.Debug|x86.Build.0 = Debug|Any CPU
		{37C77378-D68C-4075-9324-E59647572DD5}.Release|Any CPU.ActiveCfg = Release|Any CPU
		{37C77378-D68C-4075-9324-E59647572DD5}.Release|Any CPU.Build.0 = Release|Any CPU
		{37C77378-D68C-4075-9324-E59647572DD5}.Release|x64.ActiveCfg = Release|Any CPU
		{37C77378-D68C-4075-9324-E59647572DD5}.Release|x64.Build.0 = Release|Any CPU
		{37C77378-D68C-4075-9324-E59647572DD5}.Release|x86.ActiveCfg = Release|Any CPU
		{37C77378-D68C-4075-9324-E59647572DD5}.Release|x86.Build.0 = Release|Any CPU
		{C621F5AA-C922-40AD-81AA-027584ACDA4C}.Debug|Any CPU.ActiveCfg = Debug|Any CPU
		{C621F5AA-C922-40AD-81AA-027584ACDA4C}.Debug|Any CPU.Build.0 = Debug|Any CPU
		{C621F5AA-C922-40AD-81AA-027584ACDA4C}.Debug|x64.ActiveCfg = Debug|Any CPU
		{C621F5AA-C922-40AD-81AA-027584ACDA4C}.Debug|x64.Build.0 = Debug|Any CPU
		{C621F5AA-C922-40AD-81AA-027584ACDA4C}.Debug|x86.ActiveCfg = Debug|Any CPU
		{C621F5AA-C922-40AD-81AA-027584ACDA4C}.Debug|x86.Build.0 = Debug|Any CPU
		{C621F5AA-C922-40AD-81AA-027584ACDA4C}.Release|Any CPU.ActiveCfg = Release|Any CPU
		{C621F5AA-C922-40AD-81AA-027584ACDA4C}.Release|Any CPU.Build.0 = Release|Any CPU
		{C621F5AA-C922-40AD-81AA-027584ACDA4C}.Release|x64.ActiveCfg = Release|Any CPU
		{C621F5AA-C922-40AD-81AA-027584ACDA4C}.Release|x64.Build.0 = Release|Any CPU
		{C621F5AA-C922-40AD-81AA-027584ACDA4C}.Release|x86.ActiveCfg = Release|Any CPU
		{C621F5AA-C922-40AD-81AA-027584ACDA4C}.Release|x86.Build.0 = Release|Any CPU
		{C7B7785B-23EA-43FF-A9BA-616E90B96C6F}.Debug|Any CPU.ActiveCfg = Debug|Any CPU
		{C7B7785B-23EA-43FF-A9BA-616E90B96C6F}.Debug|Any CPU.Build.0 = Debug|Any CPU
		{C7B7785B-23EA-43FF-A9BA-616E90B96C6F}.Debug|x64.ActiveCfg = Debug|Any CPU
		{C7B7785B-23EA-43FF-A9BA-616E90B96C6F}.Debug|x64.Build.0 = Debug|Any CPU
		{C7B7785B-23EA-43FF-A9BA-616E90B96C6F}.Debug|x86.ActiveCfg = Debug|Any CPU
		{C7B7785B-23EA-43FF-A9BA-616E90B96C6F}.Debug|x86.Build.0 = Debug|Any CPU
		{C7B7785B-23EA-43FF-A9BA-616E90B96C6F}.Release|Any CPU.ActiveCfg = Release|Any CPU
		{C7B7785B-23EA-43FF-A9BA-616E90B96C6F}.Release|Any CPU.Build.0 = Release|Any CPU
		{C7B7785B-23EA-43FF-A9BA-616E90B96C6F}.Release|x64.ActiveCfg = Release|Any CPU
		{C7B7785B-23EA-43FF-A9BA-616E90B96C6F}.Release|x64.Build.0 = Release|Any CPU
		{C7B7785B-23EA-43FF-A9BA-616E90B96C6F}.Release|x86.ActiveCfg = Release|Any CPU
		{C7B7785B-23EA-43FF-A9BA-616E90B96C6F}.Release|x86.Build.0 = Release|Any CPU
		
		{C7B7785B-23EA-43FF-A9BA-616E90B96C7A}.Debug|Any CPU.ActiveCfg = Debug|Any CPU
		{C7B7785B-23EA-43FF-A9BA-616E90B96C7A}.Debug|Any CPU.Build.0 = Debug|Any CPU
		{C7B7785B-23EA-43FF-A9BA-616E90B96C7A}.Debug|x64.ActiveCfg = Debug|Any CPU
		{C7B7785B-23EA-43FF-A9BA-616E90B96C7A}.Debug|x64.Build.0 = Debug|Any CPU
		{C7B7785B-23EA-43FF-A9BA-616E90B96C7A}.Debug|x86.ActiveCfg = Debug|Any CPU
		{C7B7785B-23EA-43FF-A9BA-616E90B96C7A}.Debug|x86.Build.0 = Debug|Any CPU
		{C7B7785B-23EA-43FF-A9BA-616E90B96C7A}.Release|Any CPU.ActiveCfg = Release|Any CPU
		{C7B7785B-23EA-43FF-A9BA-616E90B96C7A}.Release|Any CPU.Build.0 = Release|Any CPU
		{C7B7785B-23EA-43FF-A9BA-616E90B96C7A}.Release|x64.ActiveCfg = Release|Any CPU
		{C7B7785B-23EA-43FF-A9BA-616E90B96C7A}.Release|x64.Build.0 = Release|Any CPU
		{C7B7785B-23EA-43FF-A9BA-616E90B96C7A}.Release|x86.ActiveCfg = Release|Any CPU
		{C7B7785B-23EA-43FF-A9BA-616E90B96C7A}.Release|x86.Build.0 = Release|Any CPU
	EndGlobalSection
	GlobalSection(NestedProjects) = preSolution
		{C7B7785B-23EA-43FF-A9BA-616E90B96C6F} = {D4F9D590-2A1A-11E9-BB5F-A584AFD485DF}
		{C621F5AA-C922-40AD-81AA-027584ACDA4C} = {D4F9D590-2A1A-11E9-BB5F-A584AFD485DF}
		{37C77378-D68C-4075-9324-E59647572DD5} = {CF161D00-2A1A-11E9-BB5F-A584AFD485DF}
		{C7B7785B-23EA-43FF-A9BA-616E90B96C7A} = {D4F9D590-2A1A-11E9-BB5F-A584AFD485DF}
	EndGlobalSection
EndGlobal
